{
  "requires": true,
  "lockfileVersion": 1,
  "dependencies": {
    "marker-clusterer-plus": {
      "version": "2.1.4",
      "resolved": "https://registry.npmjs.org/marker-clusterer-plus/-/marker-clusterer-plus-2.1.4.tgz",
      "integrity": "sha1-+O/3TVmdqzt9Dj/tUmTqDnBPXWc="
    },
    "vue3-google-maps": {
      "version": "0.0.1",
      "resolved": "https://registry.npmjs.org/vue3-google-maps/-/vue3-google-maps-0.0.1.tgz",
      "integrity": "sha512-KiGKqTEohOZBycye+sBVcVWIIBFgaxgPXFM9dxdvfvZDwFk+HEm04XqyomhU+O9pdYrHISP0OpSzuENvL9wylA==",
      "requires": {
        "marker-clusterer-plus": "^2.1.4"
      }
    }
  }
}
